// !$*UTF8*$!
{
	archiveVersion = 1;
	classes = {
	};
	objectVersion = 50;
	objects = {

/* Begin PBXBuildFile section */
		753611942882C3FB00651909 /* TouchdownApp.swift in Sources */ = {isa = PBXBuildFile; fileRef = 753611932882C3FB00651909 /* TouchdownApp.swift */; };
		753611962882C3FB00651909 /* ContentView.swift in Sources */ = {isa = PBXBuildFile; fileRef = 753611952882C3FB00651909 /* ContentView.swift */; };
		753611982882C3FD00651909 /* Assets.xcassets in Resources */ = {isa = PBXBuildFile; fileRef = 753611972882C3FD00651909 /* Assets.xcassets */; };
		7536119B2882C3FD00651909 /* Preview Assets.xcassets in Resources */ = {isa = PBXBuildFile; fileRef = 7536119A2882C3FD00651909 /* Preview Assets.xcassets */; };
		7536119D2882C3FD00651909 /* Persistence.swift in Sources */ = {isa = PBXBuildFile; fileRef = 7536119C2882C3FD00651909 /* Persistence.swift */; };
		753611A02882C3FD00651909 /* Touchdown.xcdatamodeld in Sources */ = {isa = PBXBuildFile; fileRef = 7536119E2882C3FD00651909 /* Touchdown.xcdatamodeld */; };
		753611AC2882C54100651909 /* brand.json in Resources */ = {isa = PBXBuildFile; fileRef = 753611A82882C54100651909 /* brand.json */; };
		753611AD2882C54100651909 /* product.json in Resources */ = {isa = PBXBuildFile; fileRef = 753611A92882C54100651909 /* product.json */; };
		753611AE2882C54100651909 /* player.json in Resources */ = {isa = PBXBuildFile; fileRef = 753611AA2882C54100651909 /* player.json */; };
		753611AF2882C54100651909 /* category.json in Resources */ = {isa = PBXBuildFile; fileRef = 753611AB2882C54100651909 /* category.json */; };
		753611BD2882C81000651909 /* Constant.swift in Sources */ = {isa = PBXBuildFile; fileRef = 753611BC2882C81000651909 /* Constant.swift */; };
		753611C12882C97700651909 /* FooterView.swift in Sources */ = {isa = PBXBuildFile; fileRef = 753611C02882C97700651909 /* FooterView.swift */; };
		753E33122884A221003217C6 /* CategoryModel.swift in Sources */ = {isa = PBXBuildFile; fileRef = 753E33112884A221003217C6 /* CategoryModel.swift */; };
		753E33152884A3CA003217C6 /* CategoryItmeView.swift in Sources */ = {isa = PBXBuildFile; fileRef = 753E33142884A3CA003217C6 /* CategoryItmeView.swift */; };
		753E33182884A721003217C6 /* CategoryGridView.swift in Sources */ = {isa = PBXBuildFile; fileRef = 753E33172884A721003217C6 /* CategoryGridView.swift */; };
		753E331B2884A99A003217C6 /* SectionView.swift in Sources */ = {isa = PBXBuildFile; fileRef = 753E331A2884A99A003217C6 /* SectionView.swift */; };
		7587E65D2883D89200FA8202 /* NavigationBarrView.swift in Sources */ = {isa = PBXBuildFile; fileRef = 7587E65C2883D89200FA8202 /* NavigationBarrView.swift */; };
		7587E6602883DB2400FA8202 /* LogoView.swift in Sources */ = {isa = PBXBuildFile; fileRef = 7587E65F2883DB2400FA8202 /* LogoView.swift */; };
		7587E66328840BE000FA8202 /* PlayerModel.swift in Sources */ = {isa = PBXBuildFile; fileRef = 7587E66228840BE000FA8202 /* PlayerModel.swift */; };
		7587E66628840C5100FA8202 /* CodableBundleExtension.swift in Sources */ = {isa = PBXBuildFile; fileRef = 7587E66528840C5100FA8202 /* CodableBundleExtension.swift */; };
		7587E66928840FEE00FA8202 /* FeaturedItemView.swift in Sources */ = {isa = PBXBuildFile; fileRef = 7587E66828840FEE00FA8202 /* FeaturedItemView.swift */; };
		7587E66D288410FA00FA8202 /* FeaturedTabView.swift in Sources */ = {isa = PBXBuildFile; fileRef = 7587E66C288410FA00FA8202 /* FeaturedTabView.swift */; };
		762D8EDA2889F0530083183F /* BrandGridView.swift in Sources */ = {isa = PBXBuildFile; fileRef = 762D8ED92889F0530083183F /* BrandGridView.swift */; };
		762D8EDD2889F05B0083183F /* BrandItemView.swift in Sources */ = {isa = PBXBuildFile; fileRef = 762D8EDC2889F05B0083183F /* BrandItemView.swift */; };
		762D8EE02889F0770083183F /* ProductItemView.swift in Sources */ = {isa = PBXBuildFile; fileRef = 762D8EDF2889F0770083183F /* ProductItemView.swift */; };
		762D8EE32889F0830083183F /* TitleView.swift in Sources */ = {isa = PBXBuildFile; fileRef = 762D8EE22889F0830083183F /* TitleView.swift */; };
		762D8EEC2889F2F00083183F /* ProductModel.swift in Sources */ = {isa = PBXBuildFile; fileRef = 762D8EEB2889F2F00083183F /* ProductModel.swift */; };
		762D8EEF2889F3000083183F /* BrandModel.swift in Sources */ = {isa = PBXBuildFile; fileRef = 762D8EEE2889F3000083183F /* BrandModel.swift */; };
/* End PBXBuildFile section */

/* Begin PBXFileReference section */
		753611902882C3FB00651909 /* Touchdown.app */ = {isa = PBXFileReference; explicitFileType = wrapper.application; includeInIndex = 0; path = Touchdown.app; sourceTree = BUILT_PRODUCTS_DIR; };
		753611932882C3FB00651909 /* TouchdownApp.swift */ = {isa = PBXFileReference; lastKnownFileType = sourcecode.swift; path = TouchdownApp.swift; sourceTree = "<group>"; };
		753611952882C3FB00651909 /* ContentView.swift */ = {isa = PBXFileReference; lastKnownFileType = sourcecode.swift; path = ContentView.swift; sourceTree = "<group>"; };
		753611972882C3FD00651909 /* Assets.xcassets */ = {isa = PBXFileReference; lastKnownFileType = folder.assetcatalog; path = Assets.xcassets; sourceTree = "<group>"; };
		7536119A2882C3FD00651909 /* Preview Assets.xcassets */ = {isa = PBXFileReference; lastKnownFileType = folder.assetcatalog; path = "Preview Assets.xcassets"; sourceTree = "<group>"; };
		7536119C2882C3FD00651909 /* Persistence.swift */ = {isa = PBXFileReference; lastKnownFileType = sourcecode.swift; path = Persistence.swift; sourceTree = "<group>"; };
		7536119F2882C3FD00651909 /* Touchdown.xcdatamodel */ = {isa = PBXFileReference; lastKnownFileType = wrapper.xcdatamodel; path = Touchdown.xcdatamodel; sourceTree = "<group>"; };
		753611A12882C3FD00651909 /* Info.plist */ = {isa = PBXFileReference; lastKnownFileType = text.plist.xml; path = Info.plist; sourceTree = "<group>"; };
		753611A82882C54100651909 /* brand.json */ = {isa = PBXFileReference; fileEncoding = 4; lastKnownFileType = text.json; path = brand.json; sourceTree = "<group>"; };
		753611A92882C54100651909 /* product.json */ = {isa = PBXFileReference; fileEncoding = 4; lastKnownFileType = text.json; path = product.json; sourceTree = "<group>"; };
		753611AA2882C54100651909 /* player.json */ = {isa = PBXFileReference; fileEncoding = 4; lastKnownFileType = text.json; path = player.json; sourceTree = "<group>"; };
		753611AB2882C54100651909 /* category.json */ = {isa = PBXFileReference; fileEncoding = 4; lastKnownFileType = text.json; path = category.json; sourceTree = "<group>"; };
		753611BC2882C81000651909 /* Constant.swift */ = {isa = PBXFileReference; lastKnownFileType = sourcecode.swift; path = Constant.swift; sourceTree = "<group>"; };
		753611C02882C97700651909 /* FooterView.swift */ = {isa = PBXFileReference; lastKnownFileType = sourcecode.swift; path = FooterView.swift; sourceTree = "<group>"; };
		753E33112884A221003217C6 /* CategoryModel.swift */ = {isa = PBXFileReference; lastKnownFileType = sourcecode.swift; path = CategoryModel.swift; sourceTree = "<group>"; };
		753E33142884A3CA003217C6 /* CategoryItmeView.swift */ = {isa = PBXFileReference; lastKnownFileType = sourcecode.swift; path = CategoryItmeView.swift; sourceTree = "<group>"; };
		753E33172884A721003217C6 /* CategoryGridView.swift */ = {isa = PBXFileReference; lastKnownFileType = sourcecode.swift; path = CategoryGridView.swift; sourceTree = "<group>"; };
		753E331A2884A99A003217C6 /* SectionView.swift */ = {isa = PBXFileReference; lastKnownFileType = sourcecode.swift; path = SectionView.swift; sourceTree = "<group>"; };
		7587E65C2883D89200FA8202 /* NavigationBarrView.swift */ = {isa = PBXFileReference; lastKnownFileType = sourcecode.swift; path = NavigationBarrView.swift; sourceTree = "<group>"; };
		7587E65F2883DB2400FA8202 /* LogoView.swift */ = {isa = PBXFileReference; lastKnownFileType = sourcecode.swift; path = LogoView.swift; sourceTree = "<group>"; };
		7587E66228840BE000FA8202 /* PlayerModel.swift */ = {isa = PBXFileReference; lastKnownFileType = sourcecode.swift; path = PlayerModel.swift; sourceTree = "<group>"; };
		7587E66528840C5100FA8202 /* CodableBundleExtension.swift */ = {isa = PBXFileReference; lastKnownFileType = sourcecode.swift; path = CodableBundleExtension.swift; sourceTree = "<group>"; };
		7587E66828840FEE00FA8202 /* FeaturedItemView.swift */ = {isa = PBXFileReference; lastKnownFileType = sourcecode.swift; path = FeaturedItemView.swift; sourceTree = "<group>"; };
		7587E66C288410FA00FA8202 /* FeaturedTabView.swift */ = {isa = PBXFileReference; lastKnownFileType = sourcecode.swift; path = FeaturedTabView.swift; sourceTree = "<group>"; };
		762D8ED92889F0530083183F /* BrandGridView.swift */ = {isa = PBXFileReference; fileEncoding = 4; lastKnownFileType = sourcecode.swift; name = BrandGridView.swift; path = "../../../../../Desktop/Touchdown-main/Touchdown/Viev/Home/BrandGridView.swift"; sourceTree = "<group>"; };
		762D8EDC2889F05B0083183F /* BrandItemView.swift */ = {isa = PBXFileReference; fileEncoding = 4; lastKnownFileType = sourcecode.swift; name = BrandItemView.swift; path = "../../../../../Desktop/Touchdown-main/Touchdown/Viev/Home/BrandItemView.swift"; sourceTree = "<group>"; };
		762D8EDF2889F0770083183F /* ProductItemView.swift */ = {isa = PBXFileReference; fileEncoding = 4; lastKnownFileType = sourcecode.swift; name = ProductItemView.swift; path = "../../../../../Desktop/Touchdown-main/Touchdown/Viev/Home/ProductItemView.swift"; sourceTree = "<group>"; };
		762D8EE22889F0830083183F /* TitleView.swift */ = {isa = PBXFileReference; fileEncoding = 4; lastKnownFileType = sourcecode.swift; name = TitleView.swift; path = "../../../../../Desktop/Touchdown-main/Touchdown/Viev/Home/TitleView.swift"; sourceTree = "<group>"; };
		762D8EE52889F0960083183F /* HeaderDetailView.swift */ = {isa = PBXFileReference; lastKnownFileType = sourcecode.swift; path = HeaderDetailView.swift; sourceTree = "<group>"; };
		762D8EE62889F09B0083183F /* ProductDetailView.swift */ = {isa = PBXFileReference; lastKnownFileType = sourcecode.swift; path = ProductDetailView.swift; sourceTree = "<group>"; };
		762D8EE82889F1280083183F /* NavigationBarDetailView.swift */ = {isa = PBXFileReference; lastKnownFileType = sourcecode.swift; path = NavigationBarDetailView.swift; sourceTree = "<group>"; };
		762D8EE92889F12B0083183F /* TopPartDetailView.swift */ = {isa = PBXFileReference; lastKnownFileType = sourcecode.swift; path = TopPartDetailView.swift; sourceTree = "<group>"; };
		762D8EEB2889F2F00083183F /* ProductModel.swift */ = {isa = PBXFileReference; lastKnownFileType = sourcecode.swift; path = ProductModel.swift; sourceTree = "<group>"; };
		762D8EEE2889F3000083183F /* BrandModel.swift */ = {isa = PBXFileReference; lastKnownFileType = sourcecode.swift; path = BrandModel.swift; sourceTree = "<group>"; };
/* End PBXFileReference section */

/* Begin PBXFrameworksBuildPhase section */
		7536118D2882C3FB00651909 /* Frameworks */ = {
			isa = PBXFrameworksBuildPhase;
			buildActionMask = 2147483647;
			files = (
			);
			runOnlyForDeploymentPostprocessing = 0;
		};
/* End PBXFrameworksBuildPhase section */

/* Begin PBXGroup section */
		753611872882C3FB00651909 = {
			isa = PBXGroup;
			children = (
				753611922882C3FB00651909 /* Touchdown */,
				753611912882C3FB00651909 /* Products */,
			);
			sourceTree = "<group>";
		};
		753611912882C3FB00651909 /* Products */ = {
			isa = PBXGroup;
			children = (
				753611902882C3FB00651909 /* Touchdown.app */,
			);
			name = Products;
			sourceTree = "<group>";
		};
		753611922882C3FB00651909 /* Touchdown */ = {
			isa = PBXGroup;
			children = (
				753611B62882C77100651909 /* App */,
				753611BF2882C81600651909 /* CoreData */,
				753611B12882C55700651909 /* Data */,
				753611B82882C77F00651909 /* Extension */,
				753611B72882C77800651909 /* Model */,
				753611BB2882C7E100651909 /* Utility */,
				753611B52882C76A00651909 /* Viev */,
				753611972882C3FD00651909 /* Assets.xcassets */,
				753611A12882C3FD00651909 /* Info.plist */,
				753611992882C3FD00651909 /* Preview Content */,
			);
			path = Touchdown;
			sourceTree = "<group>";
		};
		753611992882C3FD00651909 /* Preview Content */ = {
			isa = PBXGroup;
			children = (
				7536119A2882C3FD00651909 /* Preview Assets.xcassets */,
			);
			path = "Preview Content";
			sourceTree = "<group>";
		};
		753611B12882C55700651909 /* Data */ = {
			isa = PBXGroup;
			children = (
				753611A82882C54100651909 /* brand.json */,
				753611AB2882C54100651909 /* category.json */,
				753611AA2882C54100651909 /* player.json */,
				753611A92882C54100651909 /* product.json */,
			);
			path = Data;
			sourceTree = "<group>";
		};
		753611B52882C76A00651909 /* Viev */ = {
			isa = PBXGroup;
			children = (
				753611BA2882C7B900651909 /* Home */,
				753611B92882C7B100651909 /* Detail */,
			);
			path = Viev;
			sourceTree = "<group>";
		};
		753611B62882C77100651909 /* App */ = {
			isa = PBXGroup;
			children = (
				753611932882C3FB00651909 /* TouchdownApp.swift */,
				753611952882C3FB00651909 /* ContentView.swift */,
			);
			path = App;
			sourceTree = "<group>";
		};
		753611B72882C77800651909 /* Model */ = {
			isa = PBXGroup;
			children = (
				7587E66228840BE000FA8202 /* PlayerModel.swift */,
				753E33112884A221003217C6 /* CategoryModel.swift */,
				762D8EEE2889F3000083183F /* BrandModel.swift */,
				762D8EEB2889F2F00083183F /* ProductModel.swift */,
			);
			path = Model;
			sourceTree = "<group>";
		};
		753611B82882C77F00651909 /* Extension */ = {
			isa = PBXGroup;
			children = (
				7587E66528840C5100FA8202 /* CodableBundleExtension.swift */,
			);
			path = Extension;
			sourceTree = "<group>";
		};
		753611B92882C7B100651909 /* Detail */ = {
			isa = PBXGroup;
			children = (
				762D8EE92889F12B0083183F /* TopPartDetailView.swift */,
				762D8EE82889F1280083183F /* NavigationBarDetailView.swift */,
				762D8EE62889F09B0083183F /* ProductDetailView.swift */,
				762D8EE52889F0960083183F /* HeaderDetailView.swift */,
			);
			path = Detail;
			sourceTree = "<group>";
		};
		753611BA2882C7B900651909 /* Home */ = {
			isa = PBXGroup;
			children = (
				753611C02882C97700651909 /* FooterView.swift */,
				7587E65C2883D89200FA8202 /* NavigationBarrView.swift */,
				7587E65F2883DB2400FA8202 /* LogoView.swift */,
				762D8ED92889F0530083183F /* BrandGridView.swift */,
				762D8EDC2889F05B0083183F /* BrandItemView.swift */,
				7587E66828840FEE00FA8202 /* FeaturedItemView.swift */,
				7587E66C288410FA00FA8202 /* FeaturedTabView.swift */,
				753E33142884A3CA003217C6 /* CategoryItmeView.swift */,
				753E33172884A721003217C6 /* CategoryGridView.swift */,
				753E331A2884A99A003217C6 /* SectionView.swift */,
				762D8EE22889F0830083183F /* TitleView.swift */,
				762D8EDF2889F0770083183F /* ProductItemView.swift */,
			);
			path = Home;
			sourceTree = "<group>";
		};
		753611BB2882C7E100651909 /* Utility */ = {
			isa = PBXGroup;
			children = (
				753611BC2882C81000651909 /* Constant.swift */,
			);
			path = Utility;
			sourceTree = "<group>";
		};
		753611BF2882C81600651909 /* CoreData */ = {
			isa = PBXGroup;
			children = (
				7536119C2882C3FD00651909 /* Persistence.swift */,
				7536119E2882C3FD00651909 /* Touchdown.xcdatamodeld */,
			);
			path = CoreData;
			sourceTree = "<group>";
		};
/* End PBXGroup section */

/* Begin PBXNativeTarget section */
		7536118F2882C3FB00651909 /* Touchdown */ = {
			isa = PBXNativeTarget;
			buildConfigurationList = 753611A42882C3FD00651909 /* Build configuration list for PBXNativeTarget "Touchdown" */;
			buildPhases = (
				7536118C2882C3FB00651909 /* Sources */,
				7536118D2882C3FB00651909 /* Frameworks */,
				7536118E2882C3FB00651909 /* Resources */,
			);
			buildRules = (
			);
			dependencies = (
			);
			name = Touchdown;
			productName = Touchdown;
			productReference = 753611902882C3FB00651909 /* Touchdown.app */;
			productType = "com.apple.product-type.application";
		};
/* End PBXNativeTarget section */

/* Begin PBXProject section */
		753611882882C3FB00651909 /* Project object */ = {
			isa = PBXProject;
			attributes = {
				LastSwiftUpdateCheck = 1240;
				LastUpgradeCheck = 1240;
				TargetAttributes = {
					7536118F2882C3FB00651909 = {
						CreatedOnToolsVersion = 12.4;
					};
				};
			};
			buildConfigurationList = 7536118B2882C3FB00651909 /* Build configuration list for PBXProject "Touchdown" */;
			compatibilityVersion = "Xcode 9.3";
			developmentRegion = en;
			hasScannedForEncodings = 0;
			knownRegions = (
				en,
				Base,
			);
			mainGroup = 753611872882C3FB00651909;
			productRefGroup = 753611912882C3FB00651909 /* Products */;
			projectDirPath = "";
			projectRoot = "";
			targets = (
				7536118F2882C3FB00651909 /* Touchdown */,
			);
		};
/* End PBXProject section */

/* Begin PBXResourcesBuildPhase section */
		7536118E2882C3FB00651909 /* Resources */ = {
			isa = PBXResourcesBuildPhase;
			buildActionMask = 2147483647;
			files = (
				753611AE2882C54100651909 /* player.json in Resources */,
				7536119B2882C3FD00651909 /* Preview Assets.xcassets in Resources */,
				753611AD2882C54100651909 /* product.json in Resources */,
				753611AF2882C54100651909 /* category.json in Resources */,
				753611982882C3FD00651909 /* Assets.xcassets in Resources */,
				753611AC2882C54100651909 /* brand.json in Resources */,
			);
			runOnlyForDeploymentPostprocessing = 0;
		};
/* End PBXResourcesBuildPhase section */

/* Begin PBXSourcesBuildPhase section */
		7536118C2882C3FB00651909 /* Sources */ = {
			isa = PBXSourcesBuildPhase;
			buildActionMask = 2147483647;
			files = (
				753E33122884A221003217C6 /* CategoryModel.swift in Sources */,
				762D8EEF2889F3000083183F /* BrandModel.swift in Sources */,
				7536119D2882C3FD00651909 /* Persistence.swift in Sources */,
				753611A02882C3FD00651909 /* Touchdown.xcdatamodeld in Sources */,
				753E33182884A721003217C6 /* CategoryGridView.swift in Sources */,
				762D8EE02889F0770083183F /* ProductItemView.swift in Sources */,
				7587E65D2883D89200FA8202 /* NavigationBarrView.swift in Sources */,
				762D8EDA2889F0530083183F /* BrandGridView.swift in Sources */,
				7587E66328840BE000FA8202 /* PlayerModel.swift in Sources */,
				762D8EDD2889F05B0083183F /* BrandItemView.swift in Sources */,
				7587E66628840C5100FA8202 /* CodableBundleExtension.swift in Sources */,
				7587E66928840FEE00FA8202 /* FeaturedItemView.swift in Sources */,
				7587E66D288410FA00FA8202 /* FeaturedTabView.swift in Sources */,
				753611BD2882C81000651909 /* Constant.swift in Sources */,
				753E33152884A3CA003217C6 /* CategoryItmeView.swift in Sources */,
				753611C12882C97700651909 /* FooterView.swift in Sources */,
				753E331B2884A99A003217C6 /* SectionView.swift in Sources */,
				7587E6602883DB2400FA8202 /* LogoView.swift in Sources */,
				753611962882C3FB00651909 /* ContentView.swift in Sources */,
				753611942882C3FB00651909 /* TouchdownApp.swift in Sources */,
				762D8EEC2889F2F00083183F /* ProductModel.swift in Sources */,
				762D8EE32889F0830083183F /* TitleView.swift in Sources */,
			);
			runOnlyForDeploymentPostprocessing = 0;
		};
/* End PBXSourcesBuildPhase section */

/* Begin XCBuildConfiguration section */
		753611A22882C3FD00651909 /* Debug */ = {
			isa = XCBuildConfiguration;
			buildSettings = {
				ALWAYS_SEARCH_USER_PATHS = NO;
				CLANG_ANALYZER_NONNULL = YES;
				CLANG_ANALYZER_NUMBER_OBJECT_CONVERSION = YES_AGGRESSIVE;
				CLANG_CXX_LANGUAGE_STANDARD = "gnu++14";
				CLANG_CXX_LIBRARY = "libc++";
				CLANG_ENABLE_MODULES = YES;
				CLANG_ENABLE_OBJC_ARC = YES;
				CLANG_ENABLE_OBJC_WEAK = YES;
				CLANG_WARN_BLOCK_CAPTURE_AUTORELEASING = YES;
				CLANG_WARN_BOOL_CONVERSION = YES;
				CLANG_WARN_COMMA = YES;
				CLANG_WARN_CONSTANT_CONVERSION = YES;
				CLANG_WARN_DEPRECATED_OBJC_IMPLEMENTATIONS = YES;
				CLANG_WARN_DIRECT_OBJC_ISA_USAGE = YES_ERROR;
				CLANG_WARN_DOCUMENTATION_COMMENTS = YES;
				CLANG_WARN_EMPTY_BODY = YES;
				CLANG_WARN_ENUM_CONVERSION = YES;
				CLANG_WARN_INFINITE_RECURSION = YES;
				CLANG_WARN_INT_CONVERSION = YES;
				CLANG_WARN_NON_LITERAL_NULL_CONVERSION = YES;
				CLANG_WARN_OBJC_IMPLICIT_RETAIN_SELF = YES;
				CLANG_WARN_OBJC_LITERAL_CONVERSION = YES;
				CLANG_WARN_OBJC_ROOT_CLASS = YES_ERROR;
				CLANG_WARN_QUOTED_INCLUDE_IN_FRAMEWORK_HEADER = YES;
				CLANG_WARN_RANGE_LOOP_ANALYSIS = YES;
				CLANG_WARN_STRICT_PROTOTYPES = YES;
				CLANG_WARN_SUSPICIOUS_MOVE = YES;
				CLANG_WARN_UNGUARDED_AVAILABILITY = YES_AGGRESSIVE;
				CLANG_WARN_UNREACHABLE_CODE = YES;
				CLANG_WARN__DUPLICATE_METHOD_MATCH = YES;
				COPY_PHASE_STRIP = NO;
				DEBUG_INFORMATION_FORMAT = dwarf;
				ENABLE_STRICT_OBJC_MSGSEND = YES;
				ENABLE_TESTABILITY = YES;
				GCC_C_LANGUAGE_STANDARD = gnu11;
				GCC_DYNAMIC_NO_PIC = NO;
				GCC_NO_COMMON_BLOCKS = YES;
				GCC_OPTIMIZATION_LEVEL = 0;
				GCC_PREPROCESSOR_DEFINITIONS = (
					"DEBUG=1",
					"$(inherited)",
				);
				GCC_WARN_64_TO_32_BIT_CONVERSION = YES;
				GCC_WARN_ABOUT_RETURN_TYPE = YES_ERROR;
				GCC_WARN_UNDECLARED_SELECTOR = YES;
				GCC_WARN_UNINITIALIZED_AUTOS = YES_AGGRESSIVE;
				GCC_WARN_UNUSED_FUNCTION = YES;
				GCC_WARN_UNUSED_VARIABLE = YES;
				IPHONEOS_DEPLOYMENT_TARGET = 14.4;
				MTL_ENABLE_DEBUG_INFO = INCLUDE_SOURCE;
				MTL_FAST_MATH = YES;
				ONLY_ACTIVE_ARCH = YES;
				SDKROOT = iphoneos;
				SWIFT_ACTIVE_COMPILATION_CONDITIONS = DEBUG;
				SWIFT_OPTIMIZATION_LEVEL = "-Onone";
			};
			name = Debug;
		};
		753611A32882C3FD00651909 /* Release */ = {
			isa = XCBuildConfiguration;
			buildSettings = {
				ALWAYS_SEARCH_USER_PATHS = NO;
				CLANG_ANALYZER_NONNULL = YES;
				CLANG_ANALYZER_NUMBER_OBJECT_CONVERSION = YES_AGGRESSIVE;
				CLANG_CXX_LANGUAGE_STANDARD = "gnu++14";
				CLANG_CXX_LIBRARY = "libc++";
				CLANG_ENABLE_MODULES = YES;
				CLANG_ENABLE_OBJC_ARC = YES;
				CLANG_ENABLE_OBJC_WEAK = YES;
				CLANG_WARN_BLOCK_CAPTURE_AUTORELEASING = YES;
				CLANG_WARN_BOOL_CONVERSION = YES;
				CLANG_WARN_COMMA = YES;
				CLANG_WARN_CONSTANT_CONVERSION = YES;
				CLANG_WARN_DEPRECATED_OBJC_IMPLEMENTATIONS = YES;
				CLANG_WARN_DIRECT_OBJC_ISA_USAGE = YES_ERROR;
				CLANG_WARN_DOCUMENTATION_COMMENTS = YES;
				CLANG_WARN_EMPTY_BODY = YES;
				CLANG_WARN_ENUM_CONVERSION = YES;
				CLANG_WARN_INFINITE_RECURSION = YES;
				CLANG_WARN_INT_CONVERSION = YES;
				CLANG_WARN_NON_LITERAL_NULL_CONVERSION = YES;
				CLANG_WARN_OBJC_IMPLICIT_RETAIN_SELF = YES;
				CLANG_WARN_OBJC_LITERAL_CONVERSION = YES;
				CLANG_WARN_OBJC_ROOT_CLASS = YES_ERROR;
				CLANG_WARN_QUOTED_INCLUDE_IN_FRAMEWORK_HEADER = YES;
				CLANG_WARN_RANGE_LOOP_ANALYSIS = YES;
				CLANG_WARN_STRICT_PROTOTYPES = YES;
				CLANG_WARN_SUSPICIOUS_MOVE = YES;
				CLANG_WARN_UNGUARDED_AVAILABILITY = YES_AGGRESSIVE;
				CLANG_WARN_UNREACHABLE_CODE = YES;
				CLANG_WARN__DUPLICATE_METHOD_MATCH = YES;
				COPY_PHASE_STRIP = NO;
				DEBUG_INFORMATION_FORMAT = "dwarf-with-dsym";
				ENABLE_NS_ASSERTIONS = NO;
				ENABLE_STRICT_OBJC_MSGSEND = YES;
				GCC_C_LANGUAGE_STANDARD = gnu11;
				GCC_NO_COMMON_BLOCKS = YES;
				GCC_WARN_64_TO_32_BIT_CONVERSION = YES;
				GCC_WARN_ABOUT_RETURN_TYPE = YES_ERROR;
				GCC_WARN_UNDECLARED_SELECTOR = YES;
				GCC_WARN_UNINITIALIZED_AUTOS = YES_AGGRESSIVE;
				GCC_WARN_UNUSED_FUNCTION = YES;
				GCC_WARN_UNUSED_VARIABLE = YES;
				IPHONEOS_DEPLOYMENT_TARGET = 14.4;
				MTL_ENABLE_DEBUG_INFO = NO;
				MTL_FAST_MATH = YES;
				SDKROOT = iphoneos;
				SWIFT_COMPILATION_MODE = wholemodule;
				SWIFT_OPTIMIZATION_LEVEL = "-O";
				VALIDATE_PRODUCT = YES;
			};
			name = Release;
		};
		753611A52882C3FD00651909 /* Debug */ = {
			isa = XCBuildConfiguration;
			buildSettings = {
				ASSETCATALOG_COMPILER_APPICON_NAME = AppIcon;
				ASSETCATALOG_COMPILER_GLOBAL_ACCENT_COLOR_NAME = AccentColor;
				CODE_SIGN_STYLE = Automatic;
				DEVELOPMENT_ASSET_PATHS = "\"Touchdown/Preview Content\"";
				DEVELOPMENT_TEAM = 9S5AJR5C22;
				ENABLE_PREVIEWS = YES;
				INFOPLIST_FILE = Touchdown/Info.plist;
				IPHONEOS_DEPLOYMENT_TARGET = 14.0;
				LD_RUNPATH_SEARCH_PATHS = (
					"$(inherited)",
					"@executable_path/Frameworks",
				);
				PRODUCT_BUNDLE_IDENTIFIER = com.rzamolotov.Touchdown;
				PRODUCT_NAME = "$(TARGET_NAME)";
				SWIFT_VERSION = 5.0;
				TARGETED_DEVICE_FAMILY = "1,2";
			};
			name = Debug;
		};
		753611A62882C3FD00651909 /* Release */ = {
			isa = XCBuildConfiguration;
			buildSettings = {
				ASSETCATALOG_COMPILER_APPICON_NAME = AppIcon;
				ASSETCATALOG_COMPILER_GLOBAL_ACCENT_COLOR_NAME = AccentColor;
				CODE_SIGN_STYLE = Automatic;
				DEVELOPMENT_ASSET_PATHS = "\"Touchdown/Preview Content\"";
				DEVELOPMENT_TEAM = 9S5AJR5C22;
				ENABLE_PREVIEWS = YES;
				INFOPLIST_FILE = Touchdown/Info.plist;
				IPHONEOS_DEPLOYMENT_TARGET = 14.0;
				LD_RUNPATH_SEARCH_PATHS = (
					"$(inherited)",
					"@executable_path/Frameworks",
				);
				PRODUCT_BUNDLE_IDENTIFIER = com.rzamolotov.Touchdown;
				PRODUCT_NAME = "$(TARGET_NAME)";
				SWIFT_VERSION = 5.0;
				TARGETED_DEVICE_FAMILY = "1,2";
			};
			name = Release;
		};
/* End XCBuildConfiguration section */

/* Begin XCConfigurationList section */
		7536118B2882C3FB00651909 /* Build configuration list for PBXProject "Touchdown" */ = {
			isa = XCConfigurationList;
			buildConfigurations = (
				753611A22882C3FD00651909 /* Debug */,
				753611A32882C3FD00651909 /* Release */,
			);
			defaultConfigurationIsVisible = 0;
			defaultConfigurationName = Release;
		};
		753611A42882C3FD00651909 /* Build configuration list for PBXNativeTarget "Touchdown" */ = {
			isa = XCConfigurationList;
			buildConfigurations = (
				753611A52882C3FD00651909 /* Debug */,
				753611A62882C3FD00651909 /* Release */,
			);
			defaultConfigurationIsVisible = 0;
			defaultConfigurationName = Release;
		};
/* End XCConfigurationList section */

/* Begin XCVersionGroup section */
		7536119E2882C3FD00651909 /* Touchdown.xcdatamodeld */ = {
			isa = XCVersionGroup;
			children = (
				7536119F2882C3FD00651909 /* Touchdown.xcdatamodel */,
			);
			currentVersion = 7536119F2882C3FD00651909 /* Touchdown.xcdatamodel */;
			path = Touchdown.xcdatamodeld;
			sourceTree = "<group>";
			versionGroupType = wrapper.xcdatamodel;
		};
/* End XCVersionGroup section */
	};
	rootObject = 753611882882C3FB00651909 /* Project object */;
}
